
Microsoft Visual Studio Solution File, Format Version 12.00
# Visual Studio Version 17
VisualStudioVersion = 17.13.35825.156
MinimumVisualStudioVersion = 10.0.40219.1
Project("{FAE04EC0-301F-11D3-BF4B-00C04F79EFBC}") = "Singleton", "Singleton\Singleton.csproj", "{EBA6F862-364B-4768-A6EB-8503FFF70FCD}"
EndProject
Project("{2150E333-8FDC-42A3-9474-1A3956D46DE8}") = "Creational", "Creational", "{02EA681E-C7D8-13C7-8484-4AC65E1B71E8}"
EndProject
Project("{2150E333-8FDC-42A3-9474-1A3956D46DE8}") = "Structural", "Structural", "{C1144F8B-69B6-4A42-A4E6-B38F95D4D3EE}"
EndProject
Project("{2150E333-8FDC-42A3-9474-1A3956D46DE8}") = "Behavioral", "Behavioral", "{6BA228FB-F51A-4906-B521-89DD48B90DAE}"
EndProject
Project("{FAE04EC0-301F-11D3-BF4B-00C04F79EFBC}") = "Factory", "AbstractFactory\Factory.csproj", "{DFDAEB85-ADFB-4BCE-A5FB-F98EED9378C6}"
EndProject
Project("{FAE04EC0-301F-11D3-BF4B-00C04F79EFBC}") = "Builder", "Builder\Builder.csproj", "{92BE1782-1908-4D54-B316-A1EC05145E25}"
EndProject
Project("{FAE04EC0-301F-11D3-BF4B-00C04F79EFBC}") = "Prototype", "Prototype\Prototype.csproj", "{372C8B9B-A3C2-45E9-84DE-50074DE0F21A}"
EndProject
Project("{FAE04EC0-301F-11D3-BF4B-00C04F79EFBC}") = "Adapter", "Adapter\Adapter.csproj", "{F3E198A4-6185-40FD-AC9D-8E947AE76BF0}"
EndProject
Project("{FAE04EC0-301F-11D3-BF4B-00C04F79EFBC}") = "Bridge", "Bridge\Bridge.csproj", "{F2E790B9-EF59-4185-96AE-381A9C2BEF2B}"
EndProject
Project("{FAE04EC0-301F-11D3-BF4B-00C04F79EFBC}") = "Composite", "Composite\Composite.csproj", "{1DE3EE24-A5AF-4110-92AA-4C2FB34A5398}"
EndProject
Project("{FAE04EC0-301F-11D3-BF4B-00C04F79EFBC}") = "Decorator", "Decorator\Decorator.csproj", "{61FC0788-D0BF-44ED-8BDA-0599C1701A98}"
EndProject
Project("{FAE04EC0-301F-11D3-BF4B-00C04F79EFBC}") = "Command", "Command\Command.csproj", "{A51F6642-1E12-4413-B16F-CAB437E03250}"
EndProject
Project("{FAE04EC0-301F-11D3-BF4B-00C04F79EFBC}") = "Observer", "Observer\Observer.csproj", "{82EA36CF-ABE9-4E61-B484-D0C9675DA341}"
EndProject
Project("{FAE04EC0-301F-11D3-BF4B-00C04F79EFBC}") = "State", "State\State.csproj", "{5A11834C-0C13-4901-8D80-E09FC38A3DA2}"
EndProject
Project("{FAE04EC0-301F-11D3-BF4B-00C04F79EFBC}") = "Strategy", "Strategy\Strategy.csproj", "{D47C1CAF-36B1-4994-AE15-3338C6B2FE15}"
EndProject
Global
	GlobalSection(SolutionConfigurationPlatforms) = preSolution
		Debug|Any CPU = Debug|Any CPU
		Release|Any CPU = Release|Any CPU
	EndGlobalSection
	GlobalSection(ProjectConfigurationPlatforms) = postSolution
		{EBA6F862-364B-4768-A6EB-8503FFF70FCD}.Debug|Any CPU.ActiveCfg = Debug|Any CPU
		{EBA6F862-364B-4768-A6EB-8503FFF70FCD}.Debug|Any CPU.Build.0 = Debug|Any CPU
		{EBA6F862-364B-4768-A6EB-8503FFF70FCD}.Release|Any CPU.ActiveCfg = Release|Any CPU
		{EBA6F862-364B-4768-A6EB-8503FFF70FCD}.Release|Any CPU.Build.0 = Release|Any CPU
		{DFDAEB85-ADFB-4BCE-A5FB-F98EED9378C6}.Debug|Any CPU.ActiveCfg = Debug|Any CPU
		{DFDAEB85-ADFB-4BCE-A5FB-F98EED9378C6}.Debug|Any CPU.Build.0 = Debug|Any CPU
		{DFDAEB85-ADFB-4BCE-A5FB-F98EED9378C6}.Release|Any CPU.ActiveCfg = Release|Any CPU
		{DFDAEB85-ADFB-4BCE-A5FB-F98EED9378C6}.Release|Any CPU.Build.0 = Release|Any CPU
		{92BE1782-1908-4D54-B316-A1EC05145E25}.Debug|Any CPU.ActiveCfg = Debug|Any CPU
		{92BE1782-1908-4D54-B316-A1EC05145E25}.Debug|Any CPU.Build.0 = Debug|Any CPU
		{92BE1782-1908-4D54-B316-A1EC05145E25}.Release|Any CPU.ActiveCfg = Release|Any CPU
		{92BE1782-1908-4D54-B316-A1EC05145E25}.Release|Any CPU.Build.0 = Release|Any CPU
		{372C8B9B-A3C2-45E9-84DE-50074DE0F21A}.Debug|Any CPU.ActiveCfg = Debug|Any CPU
		{372C8B9B-A3C2-45E9-84DE-50074DE0F21A}.Debug|Any CPU.Build.0 = Debug|Any CPU
		{372C8B9B-A3C2-45E9-84DE-50074DE0F21A}.Release|Any CPU.ActiveCfg = Release|Any CPU
		{372C8B9B-A3C2-45E9-84DE-50074DE0F21A}.Release|Any CPU.Build.0 = Release|Any CPU
		{F3E198A4-6185-40FD-AC9D-8E947AE76BF0}.Debug|Any CPU.ActiveCfg = Debug|Any CPU
		{F3E198A4-6185-40FD-AC9D-8E947AE76BF0}.Debug|Any CPU.Build.0 = Debug|Any CPU
		{F3E198A4-6185-40FD-AC9D-8E947AE76BF0}.Release|Any CPU.ActiveCfg = Release|Any CPU
		{F3E198A4-6185-40FD-AC9D-8E947AE76BF0}.Release|Any CPU.Build.0 = Release|Any CPU
		{F2E790B9-EF59-4185-96AE-381A9C2BEF2B}.Debug|Any CPU.ActiveCfg = Debug|Any CPU
		{F2E790B9-EF59-4185-96AE-381A9C2BEF2B}.Debug|Any CPU.Build.0 = Debug|Any CPU
		{F2E790B9-EF59-4185-96AE-381A9C2BEF2B}.Release|Any CPU.ActiveCfg = Release|Any CPU
		{F2E790B9-EF59-4185-96AE-381A9C2BEF2B}.Release|Any CPU.Build.0 = Release|Any CPU
		{1DE3EE24-A5AF-4110-92AA-4C2FB34A5398}.Debug|Any CPU.ActiveCfg = Debug|Any CPU
		{1DE3EE24-A5AF-4110-92AA-4C2FB34A5398}.Debug|Any CPU.Build.0 = Debug|Any CPU
		{1DE3EE24-A5AF-4110-92AA-4C2FB34A5398}.Release|Any CPU.ActiveCfg = Release|Any CPU
		{1DE3EE24-A5AF-4110-92AA-4C2FB34A5398}.Release|Any CPU.Build.0 = Release|Any CPU
		{61FC0788-D0BF-44ED-8BDA-0599C1701A98}.Debug|Any CPU.ActiveCfg = Debug|Any CPU
		{61FC0788-D0BF-44ED-8BDA-0599C1701A98}.Debug|Any CPU.Build.0 = Debug|Any CPU
		{61FC0788-D0BF-44ED-8BDA-0599C1701A98}.Release|Any CPU.ActiveCfg = Release|Any CPU
		{61FC0788-D0BF-44ED-8BDA-0599C1701A98}.Release|Any CPU.Build.0 = Release|Any CPU
		{A51F6642-1E12-4413-B16F-CAB437E03250}.Debug|Any CPU.ActiveCfg = Debug|Any CPU
		{A51F6642-1E12-4413-B16F-CAB437E03250}.Debug|Any CPU.Build.0 = Debug|Any CPU
		{A51F6642-1E12-4413-B16F-CAB437E03250}.Release|Any CPU.ActiveCfg = Release|Any CPU
		{A51F6642-1E12-4413-B16F-CAB437E03250}.Release|Any CPU.Build.0 = Release|Any CPU
		{82EA36CF-ABE9-4E61-B484-D0C9675DA341}.Debug|Any CPU.ActiveCfg = Debug|Any CPU
		{82EA36CF-ABE9-4E61-B484-D0C9675DA341}.Debug|Any CPU.Build.0 = Debug|Any CPU
		{82EA36CF-ABE9-4E61-B484-D0C9675DA341}.Release|Any CPU.ActiveCfg = Release|Any CPU
		{82EA36CF-ABE9-4E61-B484-D0C9675DA341}.Release|Any CPU.Build.0 = Release|Any CPU
		{5A11834C-0C13-4901-8D80-E09FC38A3DA2}.Debug|Any CPU.ActiveCfg = Debug|Any CPU
		{5A11834C-0C13-4901-8D80-E09FC38A3DA2}.Debug|Any CPU.Build.0 = Debug|Any CPU
		{5A11834C-0C13-4901-8D80-E09FC38A3DA2}.Release|Any CPU.ActiveCfg = Release|Any CPU
		{5A11834C-0C13-4901-8D80-E09FC38A3DA2}.Release|Any CPU.Build.0 = Release|Any CPU
		{D47C1CAF-36B1-4994-AE15-3338C6B2FE15}.Debug|Any CPU.ActiveCfg = Debug|Any CPU
		{D47C1CAF-36B1-4994-AE15-3338C6B2FE15}.Debug|Any CPU.Build.0 = Debug|Any CPU
		{D47C1CAF-36B1-4994-AE15-3338C6B2FE15}.Release|Any CPU.ActiveCfg = Release|Any CPU
		{D47C1CAF-36B1-4994-AE15-3338C6B2FE15}.Release|Any CPU.Build.0 = Release|Any CPU
	EndGlobalSection
	GlobalSection(SolutionProperties) = preSolution
		HideSolutionNode = FALSE
	EndGlobalSection
	GlobalSection(NestedProjects) = preSolution
		{EBA6F862-364B-4768-A6EB-8503FFF70FCD} = {02EA681E-C7D8-13C7-8484-4AC65E1B71E8}
		{DFDAEB85-ADFB-4BCE-A5FB-F98EED9378C6} = {02EA681E-C7D8-13C7-8484-4AC65E1B71E8}
		{92BE1782-1908-4D54-B316-A1EC05145E25} = {02EA681E-C7D8-13C7-8484-4AC65E1B71E8}
		{372C8B9B-A3C2-45E9-84DE-50074DE0F21A} = {02EA681E-C7D8-13C7-8484-4AC65E1B71E8}
		{F3E198A4-6185-40FD-AC9D-8E947AE76BF0} = {C1144F8B-69B6-4A42-A4E6-B38F95D4D3EE}
		{F2E790B9-EF59-4185-96AE-381A9C2BEF2B} = {C1144F8B-69B6-4A42-A4E6-B38F95D4D3EE}
		{1DE3EE24-A5AF-4110-92AA-4C2FB34A5398} = {C1144F8B-69B6-4A42-A4E6-B38F95D4D3EE}
		{61FC0788-D0BF-44ED-8BDA-0599C1701A98} = {C1144F8B-69B6-4A42-A4E6-B38F95D4D3EE}
		{A51F6642-1E12-4413-B16F-CAB437E03250} = {6BA228FB-F51A-4906-B521-89DD48B90DAE}
		{82EA36CF-ABE9-4E61-B484-D0C9675DA341} = {6BA228FB-F51A-4906-B521-89DD48B90DAE}
		{5A11834C-0C13-4901-8D80-E09FC38A3DA2} = {6BA228FB-F51A-4906-B521-89DD48B90DAE}
		{D47C1CAF-36B1-4994-AE15-3338C6B2FE15} = {6BA228FB-F51A-4906-B521-89DD48B90DAE}
	EndGlobalSection
	GlobalSection(ExtensibilityGlobals) = postSolution
		SolutionGuid = {1413E2A7-EA06-4237-AA50-1196D4C4D531}
	EndGlobalSection
EndGlobal
